
Microsoft Visual Studio Solution File, Format Version 12.00
# Visual Studio 15
VisualStudioVersion = 15.0.28010.2048
MinimumVisualStudioVersion = 10.0.40219.1
Project("{9A19103F-16F7-4668-BE54-9A1E7A4F7556}") = "NRepository.EF", "NRepository\NRepository.EF.csproj", "{76D93875-A79B-4EF2-9BAA-00E58F587AE7}"
EndProject
Project("{9A19103F-16F7-4668-BE54-9A1E7A4F7556}") = "NRepository.Abstractions", "NRepository.Abstractions\NRepository.Abstractions.csproj", "{0935A5DB-7C56-475E-8169-64E51AB29C6E}"
EndProject
Project("{9A19103F-16F7-4668-BE54-9A1E7A4F7556}") = "UniversityBL", "MyTestBL\UniversityBL.csproj", "{F5BF3EC5-E0DD-48E2-BC77-416410D2B824}"
EndProject
Project("{9A19103F-16F7-4668-BE54-9A1E7A4F7556}") = "UniversityBL.Tests", "MyTestBL.Tests\UniversityBL.Tests.csproj", "{67A6F6BF-C85B-4A53-9A60-E751710E5D19}"
EndProject
Project("{9A19103F-16F7-4668-BE54-9A1E7A4F7556}") = "NRepository.Persistence.Infrastructure", "NRepository.Persistence.Infrastructure\NRepository.Persistence.Infrastructure.csproj", "{0BE8B4C7-622F-452E-818C-99C9E50C953A}"
EndProject
Project("{FAE04EC0-301F-11D3-BF4B-00C04F79EFBC}") = "NRepository.WebForms", "NRepository.WebForms\NRepository.WebForms.csproj", "{9811EFD7-5CE3-4CF0-AF8B-0D59EF315176}"
EndProject
Project("{F184B08F-C81C-45F6-A57F-5ABD9991F28F}") = "NRepository.Webforms.VB", "NRepository.Webforms.VB\NRepository.Webforms.VB.vbproj", "{CD8E53D2-B177-494B-AE08-1CEEF98E43D7}"
EndProject
Project("{2150E333-8FDC-42A3-9474-1A3956D46DE8}") = "SolutionItems", "SolutionItems", "{DCB1850E-E6A1-4FFD-81B2-BA231B97D177}"
	ProjectSection(SolutionItems) = preProject
		.editorconfig = .editorconfig
		appsettings.json = appsettings.json
		..\README.md = ..\README.md
		UniversityDB.sql = UniversityDB.sql
	EndProjectSection
EndProject
Project("{FAE04EC0-301F-11D3-BF4B-00C04F79EFBC}") = "NRepository.WebAPI", "NRepository.WebAPI\NRepository.WebAPI.csproj", "{8F681679-367E-43F0-B51F-73606B21AAED}"
EndProject
Project("{2150E333-8FDC-42A3-9474-1A3956D46DE8}") = "lib", "lib", "{20A986AA-EC89-42D1-B9F3-383198966D46}"
EndProject
Project("{2150E333-8FDC-42A3-9474-1A3956D46DE8}") = ".Net Framework", ".Net Framework", "{CF96CD29-2717-4673-8142-5E22C3055FB7}"
EndProject
Project("{2150E333-8FDC-42A3-9474-1A3956D46DE8}") = ".Net Core", ".Net Core", "{AC6FDE4E-5EE0-4073-B8F4-5F94F4AC0CF8}"
EndProject
Project("{2150E333-8FDC-42A3-9474-1A3956D46DE8}") = "Unit Tests", "Unit Tests", "{1CC2937D-130C-47B3-A426-C2FDFD3C57CC}"
EndProject
Project("{9A19103F-16F7-4668-BE54-9A1E7A4F7556}") = "NRepository.WebAPICore", "NRepository.WebAPICore\NRepository.WebAPICore.csproj", "{6B134A1F-5060-4E77-8A29-950EBC69A543}"
EndProject
Project("{9A19103F-16F7-4668-BE54-9A1E7A4F7556}") = "NRepository.RazorPages", "NRepository.RazorPages\NRepository.RazorPages.csproj", "{8F5BD26B-2E6C-4803-A8D6-1766842D849C}"
EndProject
Project("{9A19103F-16F7-4668-BE54-9A1E7A4F7556}") = "UniversityBL.Domain", "MyTestBL.Domain\UniversityBL.Domain.csproj", "{11E78550-0AE0-41B7-9DCC-A9057BF1B1D7}"
EndProject
Project("{FAE04EC0-301F-11D3-BF4B-00C04F79EFBC}") = "NRepository.ConsoleFx", "NRepository.ConsoleFx\NRepository.ConsoleFx.csproj", "{9C7A8B6C-2D9A-492E-9BBD-86312E43BEDF}"
EndProject
Project("{9A19103F-16F7-4668-BE54-9A1E7A4F7556}") = "NRepository.ConsoleCore", "NRepository.ConsoleCore\NRepository.ConsoleCore.csproj", "{DA6D8052-B0C1-4B89-8028-980FEFA3AE97}"
EndProject
Project("{2150E333-8FDC-42A3-9474-1A3956D46DE8}") = "NRepository", "NRepository", "{1F26D6CB-0A11-4B57-98B5-4358146C0E03}"
EndProject
Project("{2150E333-8FDC-42A3-9474-1A3956D46DE8}") = "Integration Tests", "Integration Tests", "{996B5B08-F7BE-4B9D-9E6D-0D731BF6A266}"
EndProject
Project("{9A19103F-16F7-4668-BE54-9A1E7A4F7556}") = "University.Data", "University.Data\University.Data.csproj", "{2682B478-9D47-44F2-BC69-8B38189E3C9D}"
EndProject
Project("{2150E333-8FDC-42A3-9474-1A3956D46DE8}") = "References", "References", "{48DD07CD-B9D0-4EB8-8522-872B2AECA113}"
	ProjectSection(SolutionItems) = preProject
		References\eviti.data.tracking.deps.json = References\eviti.data.tracking.deps.json
		References\eviti.data.tracking.dll = References\eviti.data.tracking.dll
		References\eviti.data.tracking.pdb = References\eviti.data.tracking.pdb
	EndProjectSection
EndProject
Project("{FAE04EC0-301F-11D3-BF4B-00C04F79EFBC}") = "EvitiContact.Domain", "EvitiContact.Domain\EvitiContact.Domain.csproj", "{48F653A9-BB3D-4571-AF02-CB404932C883}"
EndProject
Project("{FAE04EC0-301F-11D3-BF4B-00C04F79EFBC}") = "EvitiContact.Data", "EvitiContact.Data\EvitiContact.Data.csproj", "{747CB30C-AD44-4B1D-99BA-173D6DB59568}"
EndProject
Project("{FAE04EC0-301F-11D3-BF4B-00C04F79EFBC}") = "EvitiContact.Application", "EvitiContact.Application\EvitiContact.Application.csproj", "{678D378B-EA21-450C-ACA6-B19FC0C6D63D}"
EndProject
Global
	GlobalSection(SolutionConfigurationPlatforms) = preSolution
		Debug|Any CPU = Debug|Any CPU
		Release|Any CPU = Release|Any CPU
	EndGlobalSection
	GlobalSection(ProjectConfigurationPlatforms) = postSolution
		{76D93875-A79B-4EF2-9BAA-00E58F587AE7}.Debug|Any CPU.ActiveCfg = Debug|Any CPU
		{76D93875-A79B-4EF2-9BAA-00E58F587AE7}.Debug|Any CPU.Build.0 = Debug|Any CPU
		{76D93875-A79B-4EF2-9BAA-00E58F587AE7}.Release|Any CPU.ActiveCfg = Release|Any CPU
		{76D93875-A79B-4EF2-9BAA-00E58F587AE7}.Release|Any CPU.Build.0 = Release|Any CPU
		{0935A5DB-7C56-475E-8169-64E51AB29C6E}.Debug|Any CPU.ActiveCfg = Debug|Any CPU
		{0935A5DB-7C56-475E-8169-64E51AB29C6E}.Debug|Any CPU.Build.0 = Debug|Any CPU
		{0935A5DB-7C56-475E-8169-64E51AB29C6E}.Release|Any CPU.ActiveCfg = Release|Any CPU
		{0935A5DB-7C56-475E-8169-64E51AB29C6E}.Release|Any CPU.Build.0 = Release|Any CPU
		{F5BF3EC5-E0DD-48E2-BC77-416410D2B824}.Debug|Any CPU.ActiveCfg = Debug|Any CPU
		{F5BF3EC5-E0DD-48E2-BC77-416410D2B824}.Debug|Any CPU.Build.0 = Debug|Any CPU
		{F5BF3EC5-E0DD-48E2-BC77-416410D2B824}.Release|Any CPU.ActiveCfg = Release|Any CPU
		{F5BF3EC5-E0DD-48E2-BC77-416410D2B824}.Release|Any CPU.Build.0 = Release|Any CPU
		{67A6F6BF-C85B-4A53-9A60-E751710E5D19}.Debug|Any CPU.ActiveCfg = Debug|Any CPU
		{67A6F6BF-C85B-4A53-9A60-E751710E5D19}.Debug|Any CPU.Build.0 = Debug|Any CPU
		{67A6F6BF-C85B-4A53-9A60-E751710E5D19}.Release|Any CPU.ActiveCfg = Release|Any CPU
		{67A6F6BF-C85B-4A53-9A60-E751710E5D19}.Release|Any CPU.Build.0 = Release|Any CPU
		{0BE8B4C7-622F-452E-818C-99C9E50C953A}.Debug|Any CPU.ActiveCfg = Debug|Any CPU
		{0BE8B4C7-622F-452E-818C-99C9E50C953A}.Debug|Any CPU.Build.0 = Debug|Any CPU
		{0BE8B4C7-622F-452E-818C-99C9E50C953A}.Release|Any CPU.ActiveCfg = Release|Any CPU
		{0BE8B4C7-622F-452E-818C-99C9E50C953A}.Release|Any CPU.Build.0 = Release|Any CPU
		{9811EFD7-5CE3-4CF0-AF8B-0D59EF315176}.Debug|Any CPU.ActiveCfg = Debug|Any CPU
		{9811EFD7-5CE3-4CF0-AF8B-0D59EF315176}.Debug|Any CPU.Build.0 = Debug|Any CPU
		{9811EFD7-5CE3-4CF0-AF8B-0D59EF315176}.Release|Any CPU.ActiveCfg = Release|Any CPU
		{9811EFD7-5CE3-4CF0-AF8B-0D59EF315176}.Release|Any CPU.Build.0 = Release|Any CPU
		{CD8E53D2-B177-494B-AE08-1CEEF98E43D7}.Debug|Any CPU.ActiveCfg = Debug|Any CPU
		{CD8E53D2-B177-494B-AE08-1CEEF98E43D7}.Debug|Any CPU.Build.0 = Debug|Any CPU
		{CD8E53D2-B177-494B-AE08-1CEEF98E43D7}.Release|Any CPU.ActiveCfg = Release|Any CPU
		{CD8E53D2-B177-494B-AE08-1CEEF98E43D7}.Release|Any CPU.Build.0 = Release|Any CPU
		{8F681679-367E-43F0-B51F-73606B21AAED}.Debug|Any CPU.ActiveCfg = Debug|Any CPU
		{8F681679-367E-43F0-B51F-73606B21AAED}.Debug|Any CPU.Build.0 = Debug|Any CPU
		{8F681679-367E-43F0-B51F-73606B21AAED}.Release|Any CPU.ActiveCfg = Release|Any CPU
		{8F681679-367E-43F0-B51F-73606B21AAED}.Release|Any CPU.Build.0 = Release|Any CPU
		{6B134A1F-5060-4E77-8A29-950EBC69A543}.Debug|Any CPU.ActiveCfg = Debug|Any CPU
		{6B134A1F-5060-4E77-8A29-950EBC69A543}.Debug|Any CPU.Build.0 = Debug|Any CPU
		{6B134A1F-5060-4E77-8A29-950EBC69A543}.Release|Any CPU.ActiveCfg = Release|Any CPU
		{6B134A1F-5060-4E77-8A29-950EBC69A543}.Release|Any CPU.Build.0 = Release|Any CPU
		{8F5BD26B-2E6C-4803-A8D6-1766842D849C}.Debug|Any CPU.ActiveCfg = Debug|Any CPU
		{8F5BD26B-2E6C-4803-A8D6-1766842D849C}.Debug|Any CPU.Build.0 = Debug|Any CPU
		{8F5BD26B-2E6C-4803-A8D6-1766842D849C}.Release|Any CPU.ActiveCfg = Release|Any CPU
		{8F5BD26B-2E6C-4803-A8D6-1766842D849C}.Release|Any CPU.Build.0 = Release|Any CPU
		{11E78550-0AE0-41B7-9DCC-A9057BF1B1D7}.Debug|Any CPU.ActiveCfg = Debug|Any CPU
		{11E78550-0AE0-41B7-9DCC-A9057BF1B1D7}.Debug|Any CPU.Build.0 = Debug|Any CPU
		{11E78550-0AE0-41B7-9DCC-A9057BF1B1D7}.Release|Any CPU.ActiveCfg = Release|Any CPU
		{11E78550-0AE0-41B7-9DCC-A9057BF1B1D7}.Release|Any CPU.Build.0 = Release|Any CPU
		{9C7A8B6C-2D9A-492E-9BBD-86312E43BEDF}.Debug|Any CPU.ActiveCfg = Debug|Any CPU
		{9C7A8B6C-2D9A-492E-9BBD-86312E43BEDF}.Debug|Any CPU.Build.0 = Debug|Any CPU
		{9C7A8B6C-2D9A-492E-9BBD-86312E43BEDF}.Release|Any CPU.ActiveCfg = Release|Any CPU
		{9C7A8B6C-2D9A-492E-9BBD-86312E43BEDF}.Release|Any CPU.Build.0 = Release|Any CPU
		{DA6D8052-B0C1-4B89-8028-980FEFA3AE97}.Debug|Any CPU.ActiveCfg = Debug|Any CPU
		{DA6D8052-B0C1-4B89-8028-980FEFA3AE97}.Debug|Any CPU.Build.0 = Debug|Any CPU
		{DA6D8052-B0C1-4B89-8028-980FEFA3AE97}.Release|Any CPU.ActiveCfg = Release|Any CPU
		{DA6D8052-B0C1-4B89-8028-980FEFA3AE97}.Release|Any CPU.Build.0 = Release|Any CPU
		{2682B478-9D47-44F2-BC69-8B38189E3C9D}.Debug|Any CPU.ActiveCfg = Debug|Any CPU
		{2682B478-9D47-44F2-BC69-8B38189E3C9D}.Debug|Any CPU.Build.0 = Debug|Any CPU
		{2682B478-9D47-44F2-BC69-8B38189E3C9D}.Release|Any CPU.ActiveCfg = Release|Any CPU
		{2682B478-9D47-44F2-BC69-8B38189E3C9D}.Release|Any CPU.Build.0 = Release|Any CPU
		{48F653A9-BB3D-4571-AF02-CB404932C883}.Debug|Any CPU.ActiveCfg = Debug|Any CPU
		{48F653A9-BB3D-4571-AF02-CB404932C883}.Debug|Any CPU.Build.0 = Debug|Any CPU
		{48F653A9-BB3D-4571-AF02-CB404932C883}.Release|Any CPU.ActiveCfg = Release|Any CPU
		{48F653A9-BB3D-4571-AF02-CB404932C883}.Release|Any CPU.Build.0 = Release|Any CPU
		{747CB30C-AD44-4B1D-99BA-173D6DB59568}.Debug|Any CPU.ActiveCfg = Debug|Any CPU
		{747CB30C-AD44-4B1D-99BA-173D6DB59568}.Debug|Any CPU.Build.0 = Debug|Any CPU
		{747CB30C-AD44-4B1D-99BA-173D6DB59568}.Release|Any CPU.ActiveCfg = Release|Any CPU
		{747CB30C-AD44-4B1D-99BA-173D6DB59568}.Release|Any CPU.Build.0 = Release|Any CPU
		{678D378B-EA21-450C-ACA6-B19FC0C6D63D}.Debug|Any CPU.ActiveCfg = Debug|Any CPU
		{678D378B-EA21-450C-ACA6-B19FC0C6D63D}.Debug|Any CPU.Build.0 = Debug|Any CPU
		{678D378B-EA21-450C-ACA6-B19FC0C6D63D}.Release|Any CPU.ActiveCfg = Release|Any CPU
		{678D378B-EA21-450C-ACA6-B19FC0C6D63D}.Release|Any CPU.Build.0 = Release|Any CPU
	EndGlobalSection
	GlobalSection(SolutionProperties) = preSolution
		HideSolutionNode = FALSE
	EndGlobalSection
	GlobalSection(NestedProjects) = preSolution
		{76D93875-A79B-4EF2-9BAA-00E58F587AE7} = {1F26D6CB-0A11-4B57-98B5-4358146C0E03}
		{0935A5DB-7C56-475E-8169-64E51AB29C6E} = {1F26D6CB-0A11-4B57-98B5-4358146C0E03}
		{F5BF3EC5-E0DD-48E2-BC77-416410D2B824} = {20A986AA-EC89-42D1-B9F3-383198966D46}
		{67A6F6BF-C85B-4A53-9A60-E751710E5D19} = {1CC2937D-130C-47B3-A426-C2FDFD3C57CC}
		{0BE8B4C7-622F-452E-818C-99C9E50C953A} = {1F26D6CB-0A11-4B57-98B5-4358146C0E03}
		{9811EFD7-5CE3-4CF0-AF8B-0D59EF315176} = {CF96CD29-2717-4673-8142-5E22C3055FB7}
		{CD8E53D2-B177-494B-AE08-1CEEF98E43D7} = {CF96CD29-2717-4673-8142-5E22C3055FB7}
		{8F681679-367E-43F0-B51F-73606B21AAED} = {CF96CD29-2717-4673-8142-5E22C3055FB7}
		{6B134A1F-5060-4E77-8A29-950EBC69A543} = {AC6FDE4E-5EE0-4073-B8F4-5F94F4AC0CF8}
		{8F5BD26B-2E6C-4803-A8D6-1766842D849C} = {AC6FDE4E-5EE0-4073-B8F4-5F94F4AC0CF8}
		{11E78550-0AE0-41B7-9DCC-A9057BF1B1D7} = {20A986AA-EC89-42D1-B9F3-383198966D46}
		{9C7A8B6C-2D9A-492E-9BBD-86312E43BEDF} = {CF96CD29-2717-4673-8142-5E22C3055FB7}
		{DA6D8052-B0C1-4B89-8028-980FEFA3AE97} = {AC6FDE4E-5EE0-4073-B8F4-5F94F4AC0CF8}
		{1F26D6CB-0A11-4B57-98B5-4358146C0E03} = {20A986AA-EC89-42D1-B9F3-383198966D46}
		{2682B478-9D47-44F2-BC69-8B38189E3C9D} = {20A986AA-EC89-42D1-B9F3-383198966D46}
		{48F653A9-BB3D-4571-AF02-CB404932C883} = {20A986AA-EC89-42D1-B9F3-383198966D46}
		{747CB30C-AD44-4B1D-99BA-173D6DB59568} = {20A986AA-EC89-42D1-B9F3-383198966D46}
		{678D378B-EA21-450C-ACA6-B19FC0C6D63D} = {20A986AA-EC89-42D1-B9F3-383198966D46}
	EndGlobalSection
	GlobalSection(ExtensibilityGlobals) = postSolution
		SolutionGuid = {9046F5F5-2453-4C7E-8C03-D452AE04A3D3}
	EndGlobalSection
EndGlobal
